
Microsoft Visual Studio Solution File, Format Version 11.00
# Visual Studio 2010
Project("{FAE04EC0-301F-11D3-BF4B-00C04F79EFBC}") = "Assembly-CSharp", "Assembly-CSharp.csproj", "{4DE63469-C3EB-8AEF-A16F-B613CE9864C8}"
EndProject
Project("{FAE04EC0-301F-11D3-BF4B-00C04F79EFBC}") = "Assembly-CSharp-Editor", "Assembly-CSharp-Editor.csproj", "{62553E48-19FD-637B-760A-95222ACDC544}"
EndProject
Global
	GlobalSection(SolutionConfigurationPlatforms) = preSolution
		Debug|Any CPU = Debug|Any CPU
		Release|Any CPU = Release|Any CPU
	EndGlobalSection
	GlobalSection(ProjectConfigurationPlatforms) = postSolution
		{4DE63469-C3EB-8AEF-A16F-B613CE9864C8}.Debug|Any CPU.ActiveCfg = Debug|Any CPU
		{4DE63469-C3EB-8AEF-A16F-B613CE9864C8}.Debug|Any CPU.Build.0 = Debug|Any CPU
		{4DE63469-C3EB-8AEF-A16F-B613CE9864C8}.Release|Any CPU.ActiveCfg = Release|Any CPU
		{4DE63469-C3EB-8AEF-A16F-B613CE9864C8}.Release|Any CPU.Build.0 = Release|Any CPU
		{62553E48-19FD-637B-760A-95222ACDC544}.Debug|Any CPU.ActiveCfg = Debug|Any CPU
		{62553E48-19FD-637B-760A-95222ACDC544}.Debug|Any CPU.Build.0 = Debug|Any CPU
		{62553E48-19FD-637B-760A-95222ACDC544}.Release|Any CPU.ActiveCfg = Release|Any CPU
		{62553E48-19FD-637B-760A-95222ACDC544}.Release|Any CPU.Build.0 = Release|Any CPU
	EndGlobalSection
	GlobalSection(SolutionProperties) = preSolution
		HideSolutionNode = FALSE
	EndGlobalSection
EndGlobal
